// !$*UTF8*$!
{
	archiveVersion = 1;
	classes = {
	};
	objectVersion = 46;
	objects = {

/* Begin PBXBuildFile section */
		9712B3E11B31F9CD003BBDC7 /* AppDelegate.swift in Sources */ = {isa = PBXBuildFile; fileRef = 9712B3E01B31F9CD003BBDC7 /* AppDelegate.swift */; };
		9712B3E31B31F9CD003BBDC7 /* MasterViewController.swift in Sources */ = {isa = PBXBuildFile; fileRef = 9712B3E21B31F9CD003BBDC7 /* MasterViewController.swift */; };
		9712B3E51B31F9CD003BBDC7 /* DetailViewController.swift in Sources */ = {isa = PBXBuildFile; fileRef = 9712B3E41B31F9CD003BBDC7 /* DetailViewController.swift */; };
		9712B3E81B31F9CD003BBDC7 /* Main.storyboard in Resources */ = {isa = PBXBuildFile; fileRef = 9712B3E61B31F9CD003BBDC7 /* Main.storyboard */; };
		9712B3EA1B31F9CD003BBDC7 /* Images.xcassets in Resources */ = {isa = PBXBuildFile; fileRef = 9712B3E91B31F9CD003BBDC7 /* Images.xcassets */; };
		9712B3ED1B31F9CD003BBDC7 /* LaunchScreen.xib in Resources */ = {isa = PBXBuildFile; fileRef = 9712B3EB1B31F9CD003BBDC7 /* LaunchScreen.xib */; };
		9712B3F91B31F9CD003BBDC7 /* TableViewsTests.swift in Sources */ = {isa = PBXBuildFile; fileRef = 9712B3F81B31F9CD003BBDC7 /* TableViewsTests.swift */; };
/* End PBXBuildFile section */

/* Begin PBXContainerItemProxy section */
		9712B3F31B31F9CD003BBDC7 /* PBXContainerItemProxy */ = {
			isa = PBXContainerItemProxy;
			containerPortal = 9712B3D31B31F9CD003BBDC7 /* Project object */;
			proxyType = 1;
			remoteGlobalIDString = 9712B3DA1B31F9CD003BBDC7;
			remoteInfo = TableViews;
		};
/* End PBXContainerItemProxy section */

/* Begin PBXFileReference section */
		9712B3DB1B31F9CD003BBDC7 /* TableViews.app */ = {isa = PBXFileReference; explicitFileType = wrapper.application; includeInIndex = 0; path = TableViews.app; sourceTree = BUILT_PRODUCTS_DIR; };
		9712B3DF1B31F9CD003BBDC7 /* Info.plist */ = {isa = PBXFileReference; lastKnownFileType = text.plist.xml; path = Info.plist; sourceTree = "<group>"; };
		9712B3E01B31F9CD003BBDC7 /* AppDelegate.swift */ = {isa = PBXFileReference; lastKnownFileType = sourcecode.swift; path = AppDelegate.swift; sourceTree = "<group>"; };
		9712B3E21B31F9CD003BBDC7 /* MasterViewController.swift */ = {isa = PBXFileReference; lastKnownFileType = sourcecode.swift; path = MasterViewController.swift; sourceTree = "<group>"; };
		9712B3E41B31F9CD003BBDC7 /* DetailViewController.swift */ = {isa = PBXFileReference; lastKnownFileType = sourcecode.swift; path = DetailViewController.swift; sourceTree = "<group>"; };
		9712B3E71B31F9CD003BBDC7 /* Base */ = {isa = PBXFileReference; lastKnownFileType = file.storyboard; name = Base; path = Base.lproj/Main.storyboard; sourceTree = "<group>"; };
		9712B3E91B31F9CD003BBDC7 /* Images.xcassets */ = {isa = PBXFileReference; lastKnownFileType = folder.assetcatalog; path = Images.xcassets; sourceTree = "<group>"; };
		9712B3EC1B31F9CD003BBDC7 /* Base */ = {isa = PBXFileReference; lastKnownFileType = file.xib; name = Base; path = Base.lproj/LaunchScreen.xib; sourceTree = "<group>"; };
		9712B3F21B31F9CD003BBDC7 /* TableViewsTests.xctest */ = {isa = PBXFileReference; explicitFileType = wrapper.cfbundle; includeInIndex = 0; path = TableViewsTests.xctest; sourceTree = BUILT_PRODUCTS_DIR; };
		9712B3F71B31F9CD003BBDC7 /* Info.plist */ = {isa = PBXFileReference; lastKnownFileType = text.plist.xml; path = Info.plist; sourceTree = "<group>"; };
		9712B3F81B31F9CD003BBDC7 /* TableViewsTests.swift */ = {isa = PBXFileReference; lastKnownFileType = sourcecode.swift; path = TableViewsTests.swift; sourceTree = "<group>"; };
/* End PBXFileReference section */

/* Begin PBXFrameworksBuildPhase section */
		9712B3D81B31F9CD003BBDC7 /* Frameworks */ = {
			isa = PBXFrameworksBuildPhase;
			buildActionMask = 2147483647;
			files = (
			);
			runOnlyForDeploymentPostprocessing = 0;
		};
		9712B3EF1B31F9CD003BBDC7 /* Frameworks */ = {
			isa = PBXFrameworksBuildPhase;
			buildActionMask = 2147483647;
			files = (
			);
			runOnlyForDeploymentPostprocessing = 0;
		};
/* End PBXFrameworksBuildPhase section */

/* Begin PBXGroup section */
		9712B3D21B31F9CD003BBDC7 = {
			isa = PBXGroup;
			children = (
				9712B3DD1B31F9CD003BBDC7 /* TableViews */,
				9712B3F51B31F9CD003BBDC7 /* TableViewsTests */,
				9712B3DC1B31F9CD003BBDC7 /* Products */,
			);
			sourceTree = "<group>";
		};
		9712B3DC1B31F9CD003BBDC7 /* Products */ = {
			isa = PBXGroup;
			children = (
				9712B3DB1B31F9CD003BBDC7 /* TableViews.app */,
				9712B3F21B31F9CD003BBDC7 /* TableViewsTests.xctest */,
			);
			name = Products;
			sourceTree = "<group>";
		};
		9712B3DD1B31F9CD003BBDC7 /* TableViews */ = {
			isa = PBXGroup;
			children = (
				9712B3E01B31F9CD003BBDC7 /* AppDelegate.swift */,
				9712B3E21B31F9CD003BBDC7 /* MasterViewController.swift */,
				9712B3E41B31F9CD003BBDC7 /* DetailViewController.swift */,
				9712B3E61B31F9CD003BBDC7 /* Main.storyboard */,
				9712B3E91B31F9CD003BBDC7 /* Images.xcassets */,
				9712B3EB1B31F9CD003BBDC7 /* LaunchScreen.xib */,
				9712B3DE1B31F9CD003BBDC7 /* Supporting Files */,
			);
			path = TableViews;
			sourceTree = "<group>";
		};
		9712B3DE1B31F9CD003BBDC7 /* Supporting Files */ = {
			isa = PBXGroup;
			children = (
				9712B3DF1B31F9CD003BBDC7 /* Info.plist */,
			);
			name = "Supporting Files";
			sourceTree = "<group>";
		};
		9712B3F51B31F9CD003BBDC7 /* TableViewsTests */ = {
			isa = PBXGroup;
			children = (
				9712B3F81B31F9CD003BBDC7 /* TableViewsTests.swift */,
				9712B3F61B31F9CD003BBDC7 /* Supporting Files */,
			);
			path = TableViewsTests;
			sourceTree = "<group>";
		};
		9712B3F61B31F9CD003BBDC7 /* Supporting Files */ = {
			isa = PBXGroup;
			children = (
				9712B3F71B31F9CD003BBDC7 /* Info.plist */,
			);
			name = "Supporting Files";
			sourceTree = "<group>";
		};
/* End PBXGroup section */

/* Begin PBXNativeTarget section */
		9712B3DA1B31F9CD003BBDC7 /* TableViews */ = {
			isa = PBXNativeTarget;
			buildConfigurationList = 9712B3FC1B31F9CD003BBDC7 /* Build configuration list for PBXNativeTarget "TableViews" */;
			buildPhases = (
				9712B3D71B31F9CD003BBDC7 /* Sources */,
				9712B3D81B31F9CD003BBDC7 /* Frameworks */,
				9712B3D91B31F9CD003BBDC7 /* Resources */,
			);
			buildRules = (
			);
			dependencies = (
			);
			name = TableViews;
			productName = TableViews;
			productReference = 9712B3DB1B31F9CD003BBDC7 /* TableViews.app */;
			productType = "com.apple.product-type.application";
		};
		9712B3F11B31F9CD003BBDC7 /* TableViewsTests */ = {
			isa = PBXNativeTarget;
			buildConfigurationList = 9712B3FF1B31F9CD003BBDC7 /* Build configuration list for PBXNativeTarget "TableViewsTests" */;
			buildPhases = (
				9712B3EE1B31F9CD003BBDC7 /* Sources */,
				9712B3EF1B31F9CD003BBDC7 /* Frameworks */,
				9712B3F01B31F9CD003BBDC7 /* Resources */,
			);
			buildRules = (
			);
			dependencies = (
				9712B3F41B31F9CD003BBDC7 /* PBXTargetDependency */,
			);
			name = TableViewsTests;
			productName = TableViewsTests;
			productReference = 9712B3F21B31F9CD003BBDC7 /* TableViewsTests.xctest */;
			productType = "com.apple.product-type.bundle.unit-test";
		};
/* End PBXNativeTarget section */

/* Begin PBXProject section */
		9712B3D31B31F9CD003BBDC7 /* Project object */ = {
			isa = PBXProject;
			attributes = {
				LastSwiftUpdateCheck = 0700;
				LastUpgradeCheck = 0630;
				ORGANIZATIONNAME = Treehouse;
				TargetAttributes = {
					9712B3DA1B31F9CD003BBDC7 = {
						CreatedOnToolsVersion = 6.3.2;
					};
					9712B3F11B31F9CD003BBDC7 = {
						CreatedOnToolsVersion = 6.3.2;
						TestTargetID = 9712B3DA1B31F9CD003BBDC7;
					};
				};
			};
			buildConfigurationList = 9712B3D61B31F9CD003BBDC7 /* Build configuration list for PBXProject "TableViews" */;
			compatibilityVersion = "Xcode 3.2";
			developmentRegion = English;
			hasScannedForEncodings = 0;
			knownRegions = (
				en,
				Base,
			);
			mainGroup = 9712B3D21B31F9CD003BBDC7;
			productRefGroup = 9712B3DC1B31F9CD003BBDC7 /* Products */;
			projectDirPath = "";
			projectRoot = "";
			targets = (
				9712B3DA1B31F9CD003BBDC7 /* TableViews */,
				9712B3F11B31F9CD003BBDC7 /* TableViewsTests */,
			);
		};
/* End PBXProject section */

/* Begin PBXResourcesBuildPhase section */
		9712B3D91B31F9CD003BBDC7 /* Resources */ = {
			isa = PBXResourcesBuildPhase;
			buildActionMask = 2147483647;
			files = (
				9712B3E81B31F9CD003BBDC7 /* Main.storyboard in Resources */,
				9712B3ED1B31F9CD003BBDC7 /* LaunchScreen.xib in Resources */,
				9712B3EA1B31F9CD003BBDC7 /* Images.xcassets in Resources */,
			);
			runOnlyForDeploymentPostprocessing = 0;
		};
		9712B3F01B31F9CD003BBDC7 /* Resources */ = {
			isa = PBXResourcesBuildPhase;
			buildActionMask = 2147483647;
			files = (
			);
			runOnlyForDeploymentPostprocessing = 0;
		};
/* End PBXResourcesBuildPhase section */

/* Begin PBXSourcesBuildPhase section */
		9712B3D71B31F9CD003BBDC7 /* Sources */ = {
			isa = PBXSourcesBuildPhase;
			buildActionMask = 2147483647;
			files = (
				9712B3E51B31F9CD003BBDC7 /* DetailViewController.swift in Sources */,
				9712B3E31B31F9CD003BBDC7 /* MasterViewController.swift in Sources */,
				9712B3E11B31F9CD003BBDC7 /* AppDelegate.swift in Sources */,
			);
			runOnlyForDeploymentPostprocessing = 0;
		};
		9712B3EE1B31F9CD003BBDC7 /* Sources */ = {
			isa = PBXSourcesBuildPhase;
			buildActionMask = 2147483647;
			files = (
				9712B3F91B31F9CD003BBDC7 /* TableViewsTests.swift in Sources */,
			);
			runOnlyForDeploymentPostprocessing = 0;
		};
/* End PBXSourcesBuildPhase section */

/* Begin PBXTargetDependency section */
		9712B3F41B31F9CD003BBDC7 /* PBXTargetDependency */ = {
			isa = PBXTargetDependency;
			target = 9712B3DA1B31F9CD003BBDC7 /* TableViews */;
			targetProxy = 9712B3F31B31F9CD003BBDC7 /* PBXContainerItemProxy */;
		};
/* End PBXTargetDependency section */

/* Begin PBXVariantGroup section */
		9712B3E61B31F9CD003BBDC7 /* Main.storyboard */ = {
			isa = PBXVariantGroup;
			children = (
				9712B3E71B31F9CD003BBDC7 /* Base */,
			);
			name = Main.storyboard;
			sourceTree = "<group>";
		};
		9712B3EB1B31F9CD003BBDC7 /* LaunchScreen.xib */ = {
			isa = PBXVariantGroup;
			children = (
				9712B3EC1B31F9CD003BBDC7 /* Base */,
			);
			name = LaunchScreen.xib;
			sourceTree = "<group>";
		};
/* End PBXVariantGroup section */

/* Begin XCBuildConfiguration section */
		9712B3FA1B31F9CD003BBDC7 /* Debug */ = {
			isa = XCBuildConfiguration;
			buildSettings = {
				ALWAYS_SEARCH_USER_PATHS = NO;
				CLANG_CXX_LANGUAGE_STANDARD = "gnu++0x";
				CLANG_CXX_LIBRARY = "libc++";
				CLANG_ENABLE_MODULES = YES;
				CLANG_ENABLE_OBJC_ARC = YES;
				CLANG_WARN_BOOL_CONVERSION = YES;
				CLANG_WARN_CONSTANT_CONVERSION = YES;
				CLANG_WARN_DIRECT_OBJC_ISA_USAGE = YES_ERROR;
				CLANG_WARN_EMPTY_BODY = YES;
				CLANG_WARN_ENUM_CONVERSION = YES;
				CLANG_WARN_INT_CONVERSION = YES;
				CLANG_WARN_OBJC_ROOT_CLASS = YES_ERROR;
				CLANG_WARN_UNREACHABLE_CODE = YES;
				CLANG_WARN__DUPLICATE_METHOD_MATCH = YES;
				"CODE_SIGN_IDENTITY[sdk=iphoneos*]" = "iPhone Developer";
				COPY_PHASE_STRIP = NO;
				DEBUG_INFORMATION_FORMAT = "dwarf-with-dsym";
				ENABLE_STRICT_OBJC_MSGSEND = YES;
				GCC_C_LANGUAGE_STANDARD = gnu99;
				GCC_DYNAMIC_NO_PIC = NO;
				GCC_NO_COMMON_BLOCKS = YES;
				GCC_OPTIMIZATION_LEVEL = 0;
				GCC_PREPROCESSOR_DEFINITIONS = (
					"DEBUG=1",
					"$(inherited)",
				);
				GCC_SYMBOLS_PRIVATE_EXTERN = NO;
				GCC_WARN_64_TO_32_BIT_CONVERSION = YES;
				GCC_WARN_ABOUT_RETURN_TYPE = YES_ERROR;
				GCC_WARN_UNDECLARED_SELECTOR = YES;
				GCC_WARN_UNINITIALIZED_AUTOS = YES_AGGRESSIVE;
				GCC_WARN_UNUSED_FUNCTION = YES;
				GCC_WARN_UNUSED_VARIABLE = YES;
				IPHONEOS_DEPLOYMENT_TARGET = 8.3;
				MTL_ENABLE_DEBUG_INFO = YES;
				ONLY_ACTIVE_ARCH = YES;
				SDKROOT = iphoneos;
				SWIFT_OPTIMIZATION_LEVEL = "-Onone";
			};
			name = Debug;
		};
		9712B3FB1B31F9CD003BBDC7 /* Release */ = {
			isa = XCBuildConfiguration;
			buildSettings = {
				ALWAYS_SEARCH_USER_PATHS = NO;
				CLANG_CXX_LANGUAGE_STANDARD = "gnu++0x";
				CLANG_CXX_LIBRARY = "libc++";
				CLANG_ENABLE_MODULES = YES;
				CLANG_ENABLE_OBJC_ARC = YES;
				CLANG_WARN_BOOL_CONVERSION = YES;
				CLANG_WARN_CONSTANT_CONVERSION = YES;
				CLANG_WARN_DIRECT_OBJC_ISA_USAGE = YES_ERROR;
				CLANG_WARN_EMPTY_BODY = YES;
				CLANG_WARN_ENUM_CONVERSION = YES;
				CLANG_WARN_INT_CONVERSION = YES;
				CLANG_WARN_OBJC_ROOT_CLASS = YES_ERROR;
				CLANG_WARN_UNREACHABLE_CODE = YES;
				CLANG_WARN__DUPLICATE_METHOD_MATCH = YES;
				"CODE_SIGN_IDENTITY[sdk=iphoneos*]" = "iPhone Developer";
				COPY_PHASE_STRIP = NO;
				DEBUG_INFORMATION_FORMAT = "dwarf-with-dsym";
				ENABLE_NS_ASSERTIONS = NO;
				ENABLE_STRICT_OBJC_MSGSEND = YES;
				GCC_C_LANGUAGE_STANDARD = gnu99;
				GCC_NO_COMMON_BLOCKS = YES;
				GCC_WARN_64_TO_32_BIT_CONVERSION = YES;
				GCC_WARN_ABOUT_RETURN_TYPE = YES_ERROR;
				GCC_WARN_UNDECLARED_SELECTOR = YES;
				GCC_WARN_UNINITIALIZED_AUTOS = YES_AGGRESSIVE;
				GCC_WARN_UNUSED_FUNCTION = YES;
				GCC_WARN_UNUSED_VARIABLE = YES;
				IPHONEOS_DEPLOYMENT_TARGET = 8.3;
				MTL_ENABLE_DEBUG_INFO = NO;
				SDKROOT = iphoneos;
				VALIDATE_PRODUCT = YES;
			};
			name = Release;
		};
		9712B3FD1B31F9CD003BBDC7 /* Debug */ = {
			isa = XCBuildConfiguration;
			buildSettings = {
				ASSETCATALOG_COMPILER_APPICON_NAME = AppIcon;
				INFOPLIST_FILE = TableViews/Info.plist;
				LD_RUNPATH_SEARCH_PATHS = "$(inherited) @executable_path/Frameworks";
				PRODUCT_NAME = "$(TARGET_NAME)";
			};
			name = Debug;
		};
		9712B3FE1B31F9CD003BBDC7 /* Release */ = {
			isa = XCBuildConfiguration;
			buildSettings = {
				ASSETCATALOG_COMPILER_APPICON_NAME = AppIcon;
				INFOPLIST_FILE = TableViews/Info.plist;
				LD_RUNPATH_SEARCH_PATHS = "$(inherited) @executable_path/Frameworks";
				PRODUCT_NAME = "$(TARGET_NAME)";
			};
			name = Release;
		};
		9712B4001B31F9CD003BBDC7 /* Debug */ = {
			isa = XCBuildConfiguration;
			buildSettings = {
				BUNDLE_LOADER = "$(TEST_HOST)";
				FRAMEWORK_SEARCH_PATHS = (
					"$(SDKROOT)/Developer/Library/Frameworks",
					"$(inherited)",
				);
				GCC_PREPROCESSOR_DEFINITIONS = (
					"DEBUG=1",
					"$(inherited)",
				);
				INFOPLIST_FILE = TableViewsTests/Info.plist;
				LD_RUNPATH_SEARCH_PATHS = "$(inherited) @executable_path/Frameworks @loader_path/Frameworks";
				PRODUCT_NAME = "$(TARGET_NAME)";
				TEST_HOST = "$(BUILT_PRODUCTS_DIR)/TableViews.app/TableViews";
			};
			name = Debug;
		};
		9712B4011B31F9CD003BBDC7 /* Release */ = {
			isa = XCBuildConfiguration;
			buildSettings = {
				BUNDLE_LOADER = "$(TEST_HOST)";
				FRAMEWORK_SEARCH_PATHS = (
					"$(SDKROOT)/Developer/Library/Frameworks",
					"$(inherited)",
				);
				INFOPLIST_FILE = TableViewsTests/Info.plist;
				LD_RUNPATH_SEARCH_PATHS = "$(inherited) @executable_path/Frameworks @loader_path/Frameworks";
				PRODUCT_NAME = "$(TARGET_NAME)";
				TEST_HOST = "$(BUILT_PRODUCTS_DIR)/TableViews.app/TableViews";
			};
			name = Release;
		};
/* End XCBuildConfiguration section */

/* Begin XCConfigurationList section */
		9712B3D61B31F9CD003BBDC7 /* Build configuration list for PBXProject "TableViews" */ = {
			isa = XCConfigurationList;
			buildConfigurations = (
				9712B3FA1B31F9CD003BBDC7 /* Debug */,
				9712B3FB1B31F9CD003BBDC7 /* Release */,
			);
			defaultConfigurationIsVisible = 0;
			defaultConfigurationName = Release;
		};
		9712B3FC1B31F9CD003BBDC7 /* Build configuration list for PBXNativeTarget "TableViews" */ = {
			isa = XCConfigurationList;
			buildConfigurations = (
				9712B3FD1B31F9CD003BBDC7 /* Debug */,
				9712B3FE1B31F9CD003BBDC7 /* Release */,
			);
			defaultConfigurationIsVisible = 0;
			defaultConfigurationName = Release;
		};
		9712B3FF1B31F9CD003BBDC7 /* Build configuration list for PBXNativeTarget "TableViewsTests" */ = {
			isa = XCConfigurationList;
			buildConfigurations = (
				9712B4001B31F9CD003BBDC7 /* Debug */,
				9712B4011B31F9CD003BBDC7 /* Release */,
			);
			defaultConfigurationIsVisible = 0;
			defaultConfigurationName = Release;
		};
/* End XCConfigurationList section */
	};
	rootObject = 9712B3D31B31F9CD003BBDC7 /* Project object */;
}
